
Microsoft Visual Studio Solution File, Format Version 11.00
# Visual Studio 2010
Project("{CC5FD16D-436D-48AD-A40C-5A424C6E3E79}") = "AzureTicker", "AzureTicker\AzureTicker.ccproj", "{C2FD946C-3702-490B-983C-7C4E87815964}"
EndProject
Project("{FAE04EC0-301F-11D3-BF4B-00C04F79EFBC}") = "AzureTicker.Worker", "AzureTicker.Worker\AzureTicker.Worker.csproj", "{CEBE82E3-D187-4749-BF86-DAF65A271D86}"
EndProject
Global
	GlobalSection(SolutionConfigurationPlatforms) = preSolution
		Debug|Any CPU = Debug|Any CPU
		Release|Any CPU = Release|Any CPU
	EndGlobalSection
	GlobalSection(ProjectConfigurationPlatforms) = postSolution
		{C2FD946C-3702-490B-983C-7C4E87815964}.Debug|Any CPU.ActiveCfg = Debug|Any CPU
		{C2FD946C-3702-490B-983C-7C4E87815964}.Debug|Any CPU.Build.0 = Debug|Any CPU
		{C2FD946C-3702-490B-983C-7C4E87815964}.Release|Any CPU.ActiveCfg = Release|Any CPU
		{C2FD946C-3702-490B-983C-7C4E87815964}.Release|Any CPU.Build.0 = Release|Any CPU
		{CEBE82E3-D187-4749-BF86-DAF65A271D86}.Debug|Any CPU.ActiveCfg = Debug|Any CPU
		{CEBE82E3-D187-4749-BF86-DAF65A271D86}.Debug|Any CPU.Build.0 = Debug|Any CPU
		{CEBE82E3-D187-4749-BF86-DAF65A271D86}.Release|Any CPU.ActiveCfg = Release|Any CPU
		{CEBE82E3-D187-4749-BF86-DAF65A271D86}.Release|Any CPU.Build.0 = Release|Any CPU
	EndGlobalSection
	GlobalSection(SolutionProperties) = preSolution
		HideSolutionNode = FALSE
	EndGlobalSection
EndGlobal
